
Microsoft Visual Studio Solution File, Format Version 12.00
# Visual Studio Version 17
VisualStudioVersion = 17.8.34316.72
MinimumVisualStudioVersion = 10.0.40219.1
Project("{FAE04EC0-301F-11D3-BF4B-00C04F79EFBC}") = "PovilasWebApi.Server", "PovilasWebApi.Server\PovilasWebApi.Server.csproj", "{8FFCCACE-96BF-4E4C-AE7F-E8B77938AA2C}"
EndProject
Project("{54A90642-561A-4BB1-A94E-469ADEE60C69}") = "povilaswebapi.client", "povilaswebapi.client\povilaswebapi.client.esproj", "{3EB3BD30-80AD-4D5B-BE07-291319B7088F}"
EndProject
Global
	GlobalSection(SolutionConfigurationPlatforms) = preSolution
		Debug|Any CPU = Debug|Any CPU
		Release|Any CPU = Release|Any CPU
	EndGlobalSection
	GlobalSection(ProjectConfigurationPlatforms) = postSolution
		{8FFCCACE-96BF-4E4C-AE7F-E8B77938AA2C}.Debug|Any CPU.ActiveCfg = Debug|Any CPU
		{8FFCCACE-96BF-4E4C-AE7F-E8B77938AA2C}.Debug|Any CPU.Build.0 = Debug|Any CPU
		{8FFCCACE-96BF-4E4C-AE7F-E8B77938AA2C}.Release|Any CPU.ActiveCfg = Release|Any CPU
		{8FFCCACE-96BF-4E4C-AE7F-E8B77938AA2C}.Release|Any CPU.Build.0 = Release|Any CPU
		{3EB3BD30-80AD-4D5B-BE07-291319B7088F}.Debug|Any CPU.ActiveCfg = Debug|Any CPU
		{3EB3BD30-80AD-4D5B-BE07-291319B7088F}.Debug|Any CPU.Build.0 = Debug|Any CPU
		{3EB3BD30-80AD-4D5B-BE07-291319B7088F}.Debug|Any CPU.Deploy.0 = Debug|Any CPU
		{3EB3BD30-80AD-4D5B-BE07-291319B7088F}.Release|Any CPU.ActiveCfg = Release|Any CPU
		{3EB3BD30-80AD-4D5B-BE07-291319B7088F}.Release|Any CPU.Build.0 = Release|Any CPU
		{3EB3BD30-80AD-4D5B-BE07-291319B7088F}.Release|Any CPU.Deploy.0 = Release|Any CPU
	EndGlobalSection
	GlobalSection(SolutionProperties) = preSolution
		HideSolutionNode = FALSE
	EndGlobalSection
	GlobalSection(ExtensibilityGlobals) = postSolution
		SolutionGuid = {209F2D97-1331-4F7E-98FE-12F93AC01349}
	EndGlobalSection
EndGlobal
